// !$*UTF8*$!
{
	archiveVersion = 1;
	classes = {
	};
	objectVersion = 46;
	objects = {

/* Begin PBXFileReference section */
		E7267C5618B0FD9A003685EC /* BallCollector.cpp */ = {isa = PBXFileReference; lastKnownFileType = sourcecode.cpp.cpp; name = BallCollector.cpp; path = ../SimpleTemplate/BallCollector.cpp; sourceTree = "<group>"; };
		E7267C5718B0FD9A003685EC /* BallCollector.h */ = {isa = PBXFileReference; lastKnownFileType = sourcecode.c.h; name = BallCollector.h; path = ../SimpleTemplate/BallCollector.h; sourceTree = "<group>"; };
		E7267C5818B0FD9A003685EC /* BallShooter.cpp */ = {isa = PBXFileReference; lastKnownFileType = sourcecode.cpp.cpp; name = BallShooter.cpp; path = ../SimpleTemplate/BallShooter.cpp; sourceTree = "<group>"; };
		E7267C5918B0FD9A003685EC /* BallShooter.h */ = {isa = PBXFileReference; lastKnownFileType = sourcecode.c.h; name = BallShooter.h; path = ../SimpleTemplate/BallShooter.h; sourceTree = "<group>"; };
		E7267C5A18B0FD9A003685EC /* DriveSystem.cpp */ = {isa = PBXFileReference; lastKnownFileType = sourcecode.cpp.cpp; name = DriveSystem.cpp; path = ../SimpleTemplate/DriveSystem.cpp; sourceTree = "<group>"; };
		E7267C5B18B0FD9A003685EC /* DriveSystem.h */ = {isa = PBXFileReference; lastKnownFileType = sourcecode.c.h; name = DriveSystem.h; path = ../SimpleTemplate/DriveSystem.h; sourceTree = "<group>"; };
		E7267C5C18B0FD9A003685EC /* Hardware.cpp */ = {isa = PBXFileReference; lastKnownFileType = sourcecode.cpp.cpp; name = Hardware.cpp; path = ../SimpleTemplate/Hardware.cpp; sourceTree = "<group>"; };
		E7267C5D18B0FD9A003685EC /* Hardware.h */ = {isa = PBXFileReference; lastKnownFileType = sourcecode.c.h; name = Hardware.h; path = ../SimpleTemplate/Hardware.h; sourceTree = "<group>"; };
		E7267C5E18B0FD9A003685EC /* MyRobot.cpp */ = {isa = PBXFileReference; lastKnownFileType = sourcecode.cpp.cpp; name = MyRobot.cpp; path = ../SimpleTemplate/MyRobot.cpp; sourceTree = "<group>"; };
		E7267C5F18B0FD9A003685EC /* UnderGlow.cpp */ = {isa = PBXFileReference; lastKnownFileType = sourcecode.cpp.cpp; name = UnderGlow.cpp; path = ../SimpleTemplate/UnderGlow.cpp; sourceTree = "<group>"; };
		E7267C6018B0FD9A003685EC /* UnderGlow.h */ = {isa = PBXFileReference; lastKnownFileType = sourcecode.c.h; name = UnderGlow.h; path = ../SimpleTemplate/UnderGlow.h; sourceTree = "<group>"; };
/* End PBXFileReference section */

/* Begin PBXGroup section */
		E713C04E1882154D00B078CB = {
			isa = PBXGroup;
			children = (
				E7267C5618B0FD9A003685EC /* BallCollector.cpp */,
				E7267C5718B0FD9A003685EC /* BallCollector.h */,
				E7267C5818B0FD9A003685EC /* BallShooter.cpp */,
				E7267C5918B0FD9A003685EC /* BallShooter.h */,
				E7267C5A18B0FD9A003685EC /* DriveSystem.cpp */,
				E7267C5B18B0FD9A003685EC /* DriveSystem.h */,
				E7267C5C18B0FD9A003685EC /* Hardware.cpp */,
				E7267C5D18B0FD9A003685EC /* Hardware.h */,
				E7267C5E18B0FD9A003685EC /* MyRobot.cpp */,
				E7267C5F18B0FD9A003685EC /* UnderGlow.cpp */,
				E7267C6018B0FD9A003685EC /* UnderGlow.h */,
			);
			sourceTree = "<group>";
		};
/* End PBXGroup section */

/* Begin PBXProject section */
		E713C04F1882154D00B078CB /* Project object */ = {
			isa = PBXProject;
			attributes = {
				LastUpgradeCheck = 0510;
			};
			buildConfigurationList = E713C0521882154D00B078CB /* Build configuration list for PBXProject "FRC-3181-2014" */;
			compatibilityVersion = "Xcode 3.2";
			developmentRegion = English;
			hasScannedForEncodings = 0;
			knownRegions = (
				en,
			);
			mainGroup = E713C04E1882154D00B078CB;
			projectDirPath = "";
			projectRoot = "";
			targets = (
			);
		};
/* End PBXProject section */

/* Begin XCBuildConfiguration section */
		E713C0531882154D00B078CB /* Debug */ = {
			isa = XCBuildConfiguration;
			buildSettings = {
			};
			name = Debug;
		};
		E713C0541882154D00B078CB /* Release */ = {
			isa = XCBuildConfiguration;
			buildSettings = {
			};
			name = Release;
		};
/* End XCBuildConfiguration section */

/* Begin XCConfigurationList section */
		E713C0521882154D00B078CB /* Build configuration list for PBXProject "FRC-3181-2014" */ = {
			isa = XCConfigurationList;
			buildConfigurations = (
				E713C0531882154D00B078CB /* Debug */,
				E713C0541882154D00B078CB /* Release */,
			);
			defaultConfigurationIsVisible = 0;
			defaultConfigurationName = Release;
		};
/* End XCConfigurationList section */
	};
	rootObject = E713C04F1882154D00B078CB /* Project object */;
}
