// !$*UTF8*$!
{
	archiveVersion = 1;
	classes = {
	};
	objectVersion = 46;
	objects = {

/* Begin PBXFileReference section */
		CD3CBBD41884B41700D647CC /* Shooter.h */ = {isa = PBXFileReference; lastKnownFileType = sourcecode.c.h; name = Shooter.h; path = ../IterativeTemplate/Shooter.h; sourceTree = "<group>"; };
		CD3CBBD51884B41700D647CC /* Shooter.cpp */ = {isa = PBXFileReference; lastKnownFileType = sourcecode.cpp.cpp; name = Shooter.cpp; path = ../IterativeTemplate/Shooter.cpp; sourceTree = "<group>"; };
		CD3CBBD61884B41700D647CC /* BallCollector.h */ = {isa = PBXFileReference; lastKnownFileType = sourcecode.c.h; name = BallCollector.h; path = ../IterativeTemplate/BallCollector.h; sourceTree = "<group>"; };
		CD3CBBD71884B41700D647CC /* BallCollector.cpp */ = {isa = PBXFileReference; lastKnownFileType = sourcecode.cpp.cpp; name = BallCollector.cpp; path = ../IterativeTemplate/BallCollector.cpp; sourceTree = "<group>"; };
		CD3CBBD81884B41700D647CC /* AutonomousDriver.h */ = {isa = PBXFileReference; lastKnownFileType = sourcecode.c.h; name = AutonomousDriver.h; path = ../IterativeTemplate/AutonomousDriver.h; sourceTree = "<group>"; };
		CD3CBBD91884B41700D647CC /* AutonomousDriver.cpp */ = {isa = PBXFileReference; lastKnownFileType = sourcecode.cpp.cpp; name = AutonomousDriver.cpp; path = ../IterativeTemplate/AutonomousDriver.cpp; sourceTree = "<group>"; };
		E713C0551882156B00B078CB /* Controls.cpp */ = {isa = PBXFileReference; lastKnownFileType = sourcecode.cpp.cpp; name = Controls.cpp; path = ../IterativeTemplate/Controls.cpp; sourceTree = "<group>"; };
		E713C0561882156B00B078CB /* Controls.h */ = {isa = PBXFileReference; lastKnownFileType = sourcecode.c.h; name = Controls.h; path = ../IterativeTemplate/Controls.h; sourceTree = "<group>"; };
		E713C0571882156B00B078CB /* DriveSystem.cpp */ = {isa = PBXFileReference; lastKnownFileType = sourcecode.cpp.cpp; name = DriveSystem.cpp; path = ../IterativeTemplate/DriveSystem.cpp; sourceTree = "<group>"; };
		E713C0581882156B00B078CB /* DriveSystem.h */ = {isa = PBXFileReference; lastKnownFileType = sourcecode.c.h; name = DriveSystem.h; path = ../IterativeTemplate/DriveSystem.h; sourceTree = "<group>"; };
		E713C0591882156B00B078CB /* Hardware.cpp */ = {isa = PBXFileReference; lastKnownFileType = sourcecode.cpp.cpp; name = Hardware.cpp; path = ../IterativeTemplate/Hardware.cpp; sourceTree = "<group>"; };
		E713C05A1882156B00B078CB /* Hardware.h */ = {isa = PBXFileReference; lastKnownFileType = sourcecode.c.h; name = Hardware.h; path = ../IterativeTemplate/Hardware.h; sourceTree = "<group>"; };
		E713C05B1882156B00B078CB /* MyRobot.cpp */ = {isa = PBXFileReference; lastKnownFileType = sourcecode.cpp.cpp; name = MyRobot.cpp; path = ../IterativeTemplate/MyRobot.cpp; sourceTree = "<group>"; };
		E7237E4D18A6B272003CB339 /* Vision.cpp */ = {isa = PBXFileReference; lastKnownFileType = sourcecode.cpp.cpp; name = Vision.cpp; path = ../IterativeTemplate/Vision.cpp; sourceTree = "<group>"; };
		E7237E4E18A6B272003CB339 /* Vision.h */ = {isa = PBXFileReference; lastKnownFileType = sourcecode.c.h; name = Vision.h; path = ../IterativeTemplate/Vision.h; sourceTree = "<group>"; };
/* End PBXFileReference section */

/* Begin PBXGroup section */
		E713C04E1882154D00B078CB = {
			isa = PBXGroup;
			children = (
				E713C0561882156B00B078CB /* Controls.h */,
				E713C0551882156B00B078CB /* Controls.cpp */,
				E713C0581882156B00B078CB /* DriveSystem.h */,
				E713C0571882156B00B078CB /* DriveSystem.cpp */,
				E713C05A1882156B00B078CB /* Hardware.h */,
				E713C0591882156B00B078CB /* Hardware.cpp */,
				E713C05B1882156B00B078CB /* MyRobot.cpp */,
				CD3CBBD41884B41700D647CC /* Shooter.h */,
				CD3CBBD51884B41700D647CC /* Shooter.cpp */,
				CD3CBBD61884B41700D647CC /* BallCollector.h */,
				CD3CBBD71884B41700D647CC /* BallCollector.cpp */,
				CD3CBBD81884B41700D647CC /* AutonomousDriver.h */,
				CD3CBBD91884B41700D647CC /* AutonomousDriver.cpp */,
				E7237E4E18A6B272003CB339 /* Vision.h */,
				E7237E4D18A6B272003CB339 /* Vision.cpp */,
			);
			sourceTree = "<group>";
		};
/* End PBXGroup section */

/* Begin PBXProject section */
		E713C04F1882154D00B078CB /* Project object */ = {
			isa = PBXProject;
			attributes = {
				LastUpgradeCheck = 0510;
			};
			buildConfigurationList = E713C0521882154D00B078CB /* Build configuration list for PBXProject "FRC-3181-2014" */;
			compatibilityVersion = "Xcode 3.2";
			developmentRegion = English;
			hasScannedForEncodings = 0;
			knownRegions = (
				en,
			);
			mainGroup = E713C04E1882154D00B078CB;
			projectDirPath = "";
			projectRoot = "";
			targets = (
			);
		};
/* End PBXProject section */

/* Begin XCBuildConfiguration section */
		E713C0531882154D00B078CB /* Debug */ = {
			isa = XCBuildConfiguration;
			buildSettings = {
			};
			name = Debug;
		};
		E713C0541882154D00B078CB /* Release */ = {
			isa = XCBuildConfiguration;
			buildSettings = {
			};
			name = Release;
		};
/* End XCBuildConfiguration section */

/* Begin XCConfigurationList section */
		E713C0521882154D00B078CB /* Build configuration list for PBXProject "FRC-3181-2014" */ = {
			isa = XCConfigurationList;
			buildConfigurations = (
				E713C0531882154D00B078CB /* Debug */,
				E713C0541882154D00B078CB /* Release */,
			);
			defaultConfigurationIsVisible = 0;
			defaultConfigurationName = Release;
		};
/* End XCConfigurationList section */
	};
	rootObject = E713C04F1882154D00B078CB /* Project object */;
}
